
Microsoft Visual Studio Solution File, Format Version 12.00
Project("{FAE04EC0-301F-11D3-BF4B-00C04F79EFBC}") = "Day10", "Day10.csproj", "{4A8843B0-0477-49B5-A133-220D0E365C1C}"
EndProject
Global
	GlobalSection(SolutionConfigurationPlatforms) = preSolution
		Debug|Any CPU = Debug|Any CPU
		Release|Any CPU = Release|Any CPU
	EndGlobalSection
	GlobalSection(ProjectConfigurationPlatforms) = postSolution
		{4A8843B0-0477-49B5-A133-220D0E365C1C}.Debug|Any CPU.ActiveCfg = Debug|Any CPU
		{4A8843B0-0477-49B5-A133-220D0E365C1C}.Debug|Any CPU.Build.0 = Debug|Any CPU
		{4A8843B0-0477-49B5-A133-220D0E365C1C}.Release|Any CPU.ActiveCfg = Release|Any CPU
		{4A8843B0-0477-49B5-A133-220D0E365C1C}.Release|Any CPU.Build.0 = Release|Any CPU
	EndGlobalSection
EndGlobal
